
Microsoft Visual Studio Solution File, Format Version 12.00
# Visual Studio 2013
VisualStudioVersion = 12.0.21005.1
MinimumVisualStudioVersion = 10.0.40219.1
Project("{FAE04EC0-301F-11D3-BF4B-00C04F79EFBC}") = "DAL", "..\..\visual studio 2013\Projects\DAL\DAL\DAL.csproj", "{C305D16E-8ED7-4D80-8B87-6A4A5B54A6B1}"
EndProject
Project("{FAE04EC0-301F-11D3-BF4B-00C04F79EFBC}") = "BLL", "..\..\visual studio 2013\Projects\DAL\BLL\BLL.csproj", "{4554DF4E-A529-4F37-8DE0-B54D4373ED86}"
EndProject
Project("{FAE04EC0-301F-11D3-BF4B-00C04F79EFBC}") = "IHM_ASPNet_Acceuil", "..\..\visual studio 2013\Projects\DAL\IHM_ASPNet_Acceuil\IHM_ASPNet_Acceuil.csproj", "{9BF73A12-8574-4219-8394-FD94A3F922F9}"
EndProject
Project("{FAE04EC0-301F-11D3-BF4B-00C04F79EFBC}") = "IHM_ASPNet_Piste", "..\..\visual studio 2013\Projects\DAL\IHM_ASPNet_Piste\IHM_ASPNet_Piste.csproj", "{E87303E3-4DA8-4778-8565-203163E9E571}"
EndProject
Project("{FAE04EC0-301F-11D3-BF4B-00C04F79EFBC}") = "WebService", "..\..\visual studio 2013\Projects\DAL\WebService\WebService.csproj", "{6BF6EE86-E242-4086-A42B-C103998736F9}"
EndProject
Global
	GlobalSection(SolutionConfigurationPlatforms) = preSolution
		Debug|Any CPU = Debug|Any CPU
		Release|Any CPU = Release|Any CPU
	EndGlobalSection
	GlobalSection(ProjectConfigurationPlatforms) = postSolution
		{C305D16E-8ED7-4D80-8B87-6A4A5B54A6B1}.Debug|Any CPU.ActiveCfg = Debug|Any CPU
		{C305D16E-8ED7-4D80-8B87-6A4A5B54A6B1}.Debug|Any CPU.Build.0 = Debug|Any CPU
		{C305D16E-8ED7-4D80-8B87-6A4A5B54A6B1}.Release|Any CPU.ActiveCfg = Release|Any CPU
		{C305D16E-8ED7-4D80-8B87-6A4A5B54A6B1}.Release|Any CPU.Build.0 = Release|Any CPU
		{4554DF4E-A529-4F37-8DE0-B54D4373ED86}.Debug|Any CPU.ActiveCfg = Debug|Any CPU
		{4554DF4E-A529-4F37-8DE0-B54D4373ED86}.Debug|Any CPU.Build.0 = Debug|Any CPU
		{4554DF4E-A529-4F37-8DE0-B54D4373ED86}.Release|Any CPU.ActiveCfg = Release|Any CPU
		{4554DF4E-A529-4F37-8DE0-B54D4373ED86}.Release|Any CPU.Build.0 = Release|Any CPU
		{9BF73A12-8574-4219-8394-FD94A3F922F9}.Debug|Any CPU.ActiveCfg = Debug|Any CPU
		{9BF73A12-8574-4219-8394-FD94A3F922F9}.Debug|Any CPU.Build.0 = Debug|Any CPU
		{9BF73A12-8574-4219-8394-FD94A3F922F9}.Release|Any CPU.ActiveCfg = Release|Any CPU
		{9BF73A12-8574-4219-8394-FD94A3F922F9}.Release|Any CPU.Build.0 = Release|Any CPU
		{E87303E3-4DA8-4778-8565-203163E9E571}.Debug|Any CPU.ActiveCfg = Debug|Any CPU
		{E87303E3-4DA8-4778-8565-203163E9E571}.Debug|Any CPU.Build.0 = Debug|Any CPU
		{E87303E3-4DA8-4778-8565-203163E9E571}.Release|Any CPU.ActiveCfg = Release|Any CPU
		{E87303E3-4DA8-4778-8565-203163E9E571}.Release|Any CPU.Build.0 = Release|Any CPU
		{6BF6EE86-E242-4086-A42B-C103998736F9}.Debug|Any CPU.ActiveCfg = Debug|Any CPU
		{6BF6EE86-E242-4086-A42B-C103998736F9}.Debug|Any CPU.Build.0 = Debug|Any CPU
		{6BF6EE86-E242-4086-A42B-C103998736F9}.Release|Any CPU.ActiveCfg = Release|Any CPU
		{6BF6EE86-E242-4086-A42B-C103998736F9}.Release|Any CPU.Build.0 = Release|Any CPU
	EndGlobalSection
	GlobalSection(SolutionProperties) = preSolution
		HideSolutionNode = FALSE
	EndGlobalSection
EndGlobal
